<?xml version="1.0" encoding="utf-8"?>
<Project ToolsVersion="4.0" xmlns="http://schemas.microsoft.com/developer/msbuild/2003">
  <ItemGroup>
    <Filter Include="Source Files">
      <UniqueIdentifier>{4FC737F1-C7A5-4376-A066-2A32D752A2FF}</UniqueIdentifier>
      <Extensions>cpp;c;cc;cxx;def;odl;idl;hpj;bat;asm;asmx</Extensions>
    </Filter>
    <Filter Include="Header Files">
      <UniqueIdentifier>{93995380-89BD-4b04-88EB-625FBE52EBFB}</UniqueIdentifier>
      <Extensions>h;hh;hpp;hxx;hm;inl;inc;xsd</Extensions>
    </Filter>
    <Filter Include="Header Files\States">
      <UniqueIdentifier>{0038f12d-903c-45d9-962b-e4d3803aa176}</UniqueIdentifier>
    </Filter>
    <Filter Include="Header Files\Resources">
      <UniqueIdentifier>{ff9e909c-c69f-472f-a240-cb2888cdc5a2}</UniqueIdentifier>
    </Filter>
    <Filter Include="Header Files\Player">
      <UniqueIdentifier>{80415718-bf16-477c-b4ec-386c564d96b3}</UniqueIdentifier>
    </Filter>
    <Filter Include="Header Files\Levels">
      <UniqueIdentifier>{7b125951-a73a-4183-b538-aa0a434e38c8}</UniqueIdentifier>
    </Filter>
    <Filter Include="Header Files\Application">
      <UniqueIdentifier>{a7313420-9b43-4dd5-84d3-dc6f9fe458b0}</UniqueIdentifier>
    </Filter>
    <Filter Include="Source Files\States">
      <UniqueIdentifier>{b2850c29-f1c5-4576-b3de-f5d506afbef8}</UniqueIdentifier>
    </Filter>
    <Filter Include="Source Files\Player">
      <UniqueIdentifier>{2c500fb0-9b09-43ec-a662-96e30be1e851}</UniqueIdentifier>
    </Filter>
    <Filter Include="Source Files\Levels">
      <UniqueIdentifier>{18beb165-4755-4ca5-89d1-2b7b48baed69}</UniqueIdentifier>
    </Filter>
    <Filter Include="Source Files\Application">
      <UniqueIdentifier>{ba0db8ec-ef22-4afe-915c-3e9ad5dbcaeb}</UniqueIdentifier>
    </Filter>
    <Filter Include="Header Files\GameObjects">
      <UniqueIdentifier>{e5632b2d-e632-444f-bebb-48181035abbd}</UniqueIdentifier>
    </Filter>
    <Filter Include="Source Files\GameObjects">
      <UniqueIdentifier>{d8413216-fe42-4adc-9acc-7655b687a131}</UniqueIdentifier>
    </Filter>
    <Filter Include="Header Files\3rdParty">
      <UniqueIdentifier>{354f845c-7178-43de-bd4c-761333494ab0}</UniqueIdentifier>
    </Filter>
    <Filter Include="Source Files\3rdParty">
      <UniqueIdentifier>{78d3f5aa-6503-46c8-a35d-2213b8298d45}</UniqueIdentifier>
    </Filter>
    <Filter Include="Header Files\3rdParty\TinyXML2">
      <UniqueIdentifier>{4cc75dce-c4a8-4061-b3c7-687d72b66885}</UniqueIdentifier>
    </Filter>
    <Filter Include="Source Files\3rdParty\TinyXML2">
      <UniqueIdentifier>{1b3a8da0-2f61-40bf-82be-282627cd7399}</UniqueIdentifier>
    </Filter>
    <Filter Include="Header Files\SceneNodes">
      <UniqueIdentifier>{72a757b2-ebae-4b95-b65b-1dbcd3dc2640}</UniqueIdentifier>
    </Filter>
    <Filter Include="Source Files\SceneNodes">
      <UniqueIdentifier>{967089fb-a3d8-4bc5-ba59-f03b9a4455a5}</UniqueIdentifier>
    </Filter>
    <Filter Include="Header Files\SceneNodes\Interactive">
      <UniqueIdentifier>{887a54bc-a98c-44eb-8a95-78734063f962}</UniqueIdentifier>
    </Filter>
    <Filter Include="Source Files\SceneNodes\Interactive">
      <UniqueIdentifier>{3dd3cd03-9209-4056-a467-952ef6d76244}</UniqueIdentifier>
    </Filter>
    <Filter Include="Header Files\HUD">
      <UniqueIdentifier>{faf59160-63b8-4193-ac66-196a39800b07}</UniqueIdentifier>
    </Filter>
    <Filter Include="Source Files\HUD">
      <UniqueIdentifier>{be852d98-b3f0-49d7-95c4-38ae327a7a6f}</UniqueIdentifier>
    </Filter>
    <Filter Include="Header Files\SceneNodes\Interactive\Buildings">
      <UniqueIdentifier>{6ca6930d-b547-4ece-83ec-41249681bb52}</UniqueIdentifier>
    </Filter>
    <Filter Include="Source Files\SceneNodes\Interactive\Buildings">
      <UniqueIdentifier>{145d045a-3f0d-4f60-936c-410a33f6bf27}</UniqueIdentifier>
    </Filter>
    <Filter Include="Source Files\SceneNodes\Interactive\PrevMeth">
      <UniqueIdentifier>{60736aed-5298-420e-861a-a456d0f9e361}</UniqueIdentifier>
    </Filter>
    <Filter Include="Header Files\SceneNodes\Interactive\PrevMeth">
      <UniqueIdentifier>{47a72e5b-fdb7-4270-9ec9-c4a808631cfb}</UniqueIdentifier>
    </Filter>
  </ItemGroup>
  <ItemGroup>
    <ClInclude Include="Application\application.h">
      <Filter>Header Files\Application</Filter>
    </ClInclude>
    <ClInclude Include="Levels\world.h">
      <Filter>Header Files\Levels</Filter>
    </ClInclude>
    <ClInclude Include="Player\controller.h">
      <Filter>Header Files\Player</Filter>
    </ClInclude>
    <ClInclude Include="Player\devices.h">
      <Filter>Header Files\Player</Filter>
    </ClInclude>
    <ClInclude Include="Player\player.h">
      <Filter>Header Files\Player</Filter>
    </ClInclude>
    <ClInclude Include="Resources\resourceIdentifiers.h">
      <Filter>Header Files\Resources</Filter>
    </ClInclude>
    <ClInclude Include="States\gameState.h">
      <Filter>Header Files\States</Filter>
    </ClInclude>
    <ClInclude Include="States\menuState.h">
      <Filter>Header Files\States</Filter>
    </ClInclude>
    <ClInclude Include="States\stateIdentifiers.h">
      <Filter>Header Files\States</Filter>
    </ClInclude>
    <ClInclude Include="States\titleState.h">
      <Filter>Header Files\States</Filter>
    </ClInclude>
    <ClInclude Include="States\creditState.h">
      <Filter>Header Files\States</Filter>
    </ClInclude>
    <ClInclude Include="Application\toggleFullscreen.h">
      <Filter>Header Files\Application</Filter>
    </ClInclude>
    <ClInclude Include="States\pauseState.h">
      <Filter>Header Files\States</Filter>
    </ClInclude>
    <ClInclude Include="GameObjects\objectGroups.h">
      <Filter>Header Files\GameObjects</Filter>
    </ClInclude>
    <ClInclude Include="..\..\3rdParty\TinyXML2\tinyxml2.h">
      <Filter>Header Files\3rdParty\TinyXML2</Filter>
    </ClInclude>
    <ClInclude Include="SceneNodes\heroNode.h">
      <Filter>Header Files\SceneNodes</Filter>
    </ClInclude>
    <ClInclude Include="SceneNodes\interactiveNode.h">
      <Filter>Header Files\SceneNodes\Interactive</Filter>
    </ClInclude>
    <ClInclude Include="GameObjects\interactiveGroup.h">
      <Filter>Header Files\GameObjects</Filter>
    </ClInclude>
    <ClInclude Include="GameObjects\interactiveObject.h">
      <Filter>Header Files\GameObjects</Filter>
    </ClInclude>
    <ClInclude Include="HUD\chatBox.h">
      <Filter>Header Files\HUD</Filter>
    </ClInclude>
    <ClInclude Include="HUD\optionsUI.h">
      <Filter>Header Files\HUD</Filter>
    </ClInclude>
    <ClInclude Include="SceneNodes\clinicNode.h">
      <Filter>Header Files\SceneNodes\Interactive\Buildings</Filter>
    </ClInclude>
    <ClInclude Include="SceneNodes\houseNode.h">
      <Filter>Header Files\SceneNodes\Interactive\Buildings</Filter>
    </ClInclude>
    <ClInclude Include="SceneNodes\buildingNode.h">
      <Filter>Header Files\SceneNodes\Interactive\Buildings</Filter>
    </ClInclude>
    <ClInclude Include="HUD\undoUI.h">
      <Filter>Header Files\HUD</Filter>
    </ClInclude>
    <ClInclude Include="SceneNodes\preventionNode.h">
      <Filter>Header Files\SceneNodes\Interactive\PrevMeth</Filter>
    </ClInclude>
    <ClInclude Include="SceneNodes\barrelNode.h">
      <Filter>Header Files\SceneNodes\Interactive\PrevMeth</Filter>
    </ClInclude>
  </ItemGroup>
  <ItemGroup>
    <ClCompile Include="Application\application.cpp">
      <Filter>Source Files\Application</Filter>
    </ClCompile>
    <ClCompile Include="Levels\world.cpp">
      <Filter>Source Files\Levels</Filter>
    </ClCompile>
    <ClCompile Include="Player\controller.cpp">
      <Filter>Source Files\Player</Filter>
    </ClCompile>
    <ClCompile Include="Player\devices.cpp">
      <Filter>Source Files\Player</Filter>
    </ClCompile>
    <ClCompile Include="Player\player.cpp">
      <Filter>Source Files\Player</Filter>
    </ClCompile>
    <ClCompile Include="States\gameState.cpp">
      <Filter>Source Files\States</Filter>
    </ClCompile>
    <ClCompile Include="States\menuState.cpp">
      <Filter>Source Files\States</Filter>
    </ClCompile>
    <ClCompile Include="States\titleState.cpp">
      <Filter>Source Files\States</Filter>
    </ClCompile>
    <ClCompile Include="main.cpp">
      <Filter>Source Files</Filter>
    </ClCompile>
    <ClCompile Include="States\creditState.cpp">
      <Filter>Source Files\States</Filter>
    </ClCompile>
    <ClCompile Include="Application\toggleFullscreen.cpp">
      <Filter>Source Files\Application</Filter>
    </ClCompile>
    <ClCompile Include="States\pauseState.cpp">
      <Filter>Source Files\States</Filter>
    </ClCompile>
    <ClCompile Include="GameObjects\objectGroups.cpp">
      <Filter>Source Files\GameObjects</Filter>
    </ClCompile>
    <ClCompile Include="..\..\3rdParty\TinyXML2\tinyxml2.cpp">
      <Filter>Source Files\3rdParty\TinyXML2</Filter>
    </ClCompile>
    <ClCompile Include="SceneNodes\heroNode.cpp">
      <Filter>Source Files\SceneNodes</Filter>
    </ClCompile>
    <ClCompile Include="SceneNodes\interactiveNode.cpp">
      <Filter>Source Files\SceneNodes\Interactive</Filter>
    </ClCompile>
    <ClCompile Include="GameObjects\interactiveGroup.cpp">
      <Filter>Source Files\GameObjects</Filter>
    </ClCompile>
    <ClCompile Include="GameObjects\interactiveObject.cpp">
      <Filter>Source Files\GameObjects</Filter>
    </ClCompile>
    <ClCompile Include="HUD\chatBox.cpp">
      <Filter>Source Files\HUD</Filter>
    </ClCompile>
    <ClCompile Include="HUD\optionsUI.cpp">
      <Filter>Source Files\HUD</Filter>
    </ClCompile>
    <ClCompile Include="SceneNodes\clinicNode.cpp">
      <Filter>Source Files\SceneNodes\Interactive\Buildings</Filter>
    </ClCompile>
    <ClCompile Include="SceneNodes\houseNode.cpp">
      <Filter>Source Files\SceneNodes\Interactive\Buildings</Filter>
    </ClCompile>
    <ClCompile Include="SceneNodes\buildingNode.cpp">
      <Filter>Source Files\SceneNodes\Interactive\Buildings</Filter>
    </ClCompile>
    <ClCompile Include="HUD\undoUI.cpp">
      <Filter>Source Files\HUD</Filter>
    </ClCompile>
    <ClCompile Include="SceneNodes\preventionNode.cpp">
      <Filter>Source Files\SceneNodes\Interactive\PrevMeth</Filter>
    </ClCompile>
    <ClCompile Include="SceneNodes\barrelNode.cpp">
      <Filter>Source Files\SceneNodes\Interactive\PrevMeth</Filter>
    </ClCompile>
  </ItemGroup>
</Project>