<?xml version="1.0" encoding="utf-8"?>
<Project ToolsVersion="4.0" xmlns="http://schemas.microsoft.com/developer/msbuild/2003">
  <ItemGroup>
    <Filter Include="Source Files">
      <UniqueIdentifier>{4FC737F1-C7A5-4376-A066-2A32D752A2FF}</UniqueIdentifier>
      <Extensions>cpp;c;cc;cxx;def;odl;idl;hpj;bat;asm;asmx</Extensions>
    </Filter>
    <Filter Include="Header Files">
      <UniqueIdentifier>{93995380-89BD-4b04-88EB-625FBE52EBFB}</UniqueIdentifier>
      <Extensions>h;hh;hpp;hxx;hm;inl;inc;xsd</Extensions>
    </Filter>
    <Filter Include="Header Files\States">
      <UniqueIdentifier>{0038f12d-903c-45d9-962b-e4d3803aa176}</UniqueIdentifier>
    </Filter>
    <Filter Include="Header Files\Resources">
      <UniqueIdentifier>{ff9e909c-c69f-472f-a240-cb2888cdc5a2}</UniqueIdentifier>
    </Filter>
    <Filter Include="Header Files\Player">
      <UniqueIdentifier>{80415718-bf16-477c-b4ec-386c564d96b3}</UniqueIdentifier>
    </Filter>
    <Filter Include="Header Files\Levels">
      <UniqueIdentifier>{7b125951-a73a-4183-b538-aa0a434e38c8}</UniqueIdentifier>
    </Filter>
    <Filter Include="Header Files\Entities">
      <UniqueIdentifier>{5ddde4a3-89b7-43c0-ab99-17c5f0edf021}</UniqueIdentifier>
    </Filter>
    <Filter Include="Header Files\Application">
      <UniqueIdentifier>{a7313420-9b43-4dd5-84d3-dc6f9fe458b0}</UniqueIdentifier>
    </Filter>
    <Filter Include="Source Files\States">
      <UniqueIdentifier>{b2850c29-f1c5-4576-b3de-f5d506afbef8}</UniqueIdentifier>
    </Filter>
    <Filter Include="Source Files\Player">
      <UniqueIdentifier>{2c500fb0-9b09-43ec-a662-96e30be1e851}</UniqueIdentifier>
    </Filter>
    <Filter Include="Source Files\Levels">
      <UniqueIdentifier>{18beb165-4755-4ca5-89d1-2b7b48baed69}</UniqueIdentifier>
    </Filter>
    <Filter Include="Source Files\Entities">
      <UniqueIdentifier>{83778868-2135-4935-a5e1-54b31174bfbe}</UniqueIdentifier>
    </Filter>
    <Filter Include="Source Files\Application">
      <UniqueIdentifier>{ba0db8ec-ef22-4afe-915c-3e9ad5dbcaeb}</UniqueIdentifier>
    </Filter>
  </ItemGroup>
  <ItemGroup>
    <ClInclude Include="Application\application.h">
      <Filter>Header Files\Application</Filter>
    </ClInclude>
    <ClInclude Include="Entities\hero.h">
      <Filter>Header Files\Entities</Filter>
    </ClInclude>
    <ClInclude Include="Levels\world.h">
      <Filter>Header Files\Levels</Filter>
    </ClInclude>
    <ClInclude Include="Player\controller.h">
      <Filter>Header Files\Player</Filter>
    </ClInclude>
    <ClInclude Include="Player\devices.h">
      <Filter>Header Files\Player</Filter>
    </ClInclude>
    <ClInclude Include="Player\player.h">
      <Filter>Header Files\Player</Filter>
    </ClInclude>
    <ClInclude Include="Resources\resourceIdentifiers.h">
      <Filter>Header Files\Resources</Filter>
    </ClInclude>
    <ClInclude Include="States\gameState.h">
      <Filter>Header Files\States</Filter>
    </ClInclude>
    <ClInclude Include="States\menuState.h">
      <Filter>Header Files\States</Filter>
    </ClInclude>
    <ClInclude Include="States\stateIdentifiers.h">
      <Filter>Header Files\States</Filter>
    </ClInclude>
    <ClInclude Include="States\titleState.h">
      <Filter>Header Files\States</Filter>
    </ClInclude>
    <ClInclude Include="States\creditState.h">
      <Filter>Header Files\States</Filter>
    </ClInclude>
  </ItemGroup>
  <ItemGroup>
    <ClCompile Include="Application\application.cpp">
      <Filter>Source Files\Application</Filter>
    </ClCompile>
    <ClCompile Include="Entities\hero.cpp">
      <Filter>Source Files\Entities</Filter>
    </ClCompile>
    <ClCompile Include="Levels\world.cpp">
      <Filter>Source Files\Levels</Filter>
    </ClCompile>
    <ClCompile Include="Player\controller.cpp">
      <Filter>Source Files\Player</Filter>
    </ClCompile>
    <ClCompile Include="Player\devices.cpp">
      <Filter>Source Files\Player</Filter>
    </ClCompile>
    <ClCompile Include="Player\player.cpp">
      <Filter>Source Files\Player</Filter>
    </ClCompile>
    <ClCompile Include="States\gameState.cpp">
      <Filter>Source Files\States</Filter>
    </ClCompile>
    <ClCompile Include="States\menuState.cpp">
      <Filter>Source Files\States</Filter>
    </ClCompile>
    <ClCompile Include="States\titleState.cpp">
      <Filter>Source Files\States</Filter>
    </ClCompile>
    <ClCompile Include="main.cpp">
      <Filter>Source Files</Filter>
    </ClCompile>
    <ClCompile Include="States\creditState.cpp">
      <Filter>Source Files\States</Filter>
    </ClCompile>
  </ItemGroup>
</Project>